Microsoft Visual Studio Solution File, Format Version 12.00
# Visual Studio Version 17
VisualStudioVersion = 17.0.31903.59
MinimumVisualStudioVersion = 10.0.40219.1
Project("{72E80D21-C5B7-4331-BCB1-910317102ADB}") = "Project_9431b7c6b4604ece8f82e96e2c38ead1_20250601200320313576", "Project_9431b7c6b4604ece8f82e96e2c38ead1_20250601200320313576.csproj", "{72E80D21-C5B7-4331-BCB1-910317102ADB}"
EndProject
Global
    GlobalSection(SolutionConfigurationPlatforms) = preSolution
        Debug|Any CPU = Debug|Any CPU
        Release|Any CPU = Release|Any CPU
    EndGlobalSection
    GlobalSection(ProjectConfigurationPlatforms) = postSolution
        {72E80D21-C5B7-4331-BCB1-910317102ADB}.Debug|Any CPU.ActiveCfg = Debug|Any CPU
        {72E80D21-C5B7-4331-BCB1-910317102ADB}.Debug|Any CPU.Build.0 = Debug|Any CPU
        {72E80D21-C5B7-4331-BCB1-910317102ADB}.Release|Any CPU.ActiveCfg = Release|Any CPU
        {72E80D21-C5B7-4331-BCB1-910317102ADB}.Release|Any CPU.Build.0 = Release|Any CPU
    EndGlobalSection
EndGlobal